dependencies:
- name: mariadb
  repository: oci://registry-1.docker.io/bitnamicharts
  version: 20.4.3
- name: slurm-exporter
  repository: oci://ghcr.io/slinkyproject/charts
  version: 0.3.1
digest: sha256:dead377c58fe6ec0e8147a1b592fa83c2d0cead30eac28b6b4572fe65f36b7d6
generated: "2025-08-01T16:44:36.15966241-04:00"
